%{
  "castore": {:hex, :castore, "0.1.22", "4127549e411bedd012ca3a308dede574f43819fe9394254ca55ab4895abfa1a2", [:mix], [], "hexpm", "c17576df47eb5aa1ee40cc4134316a99f5cad3e215d5c77b8dd3cfef12a22cac"},
  "cc_precompiler": {:hex, :cc_precompiler, "0.1.6", "68894618428c8a4e7fcbc0b2e2dda0c19ca13f98b2507a2fcf813a72ca5a0723", [:mix], [{:elixir_make, "~> 0.7.3", [hex: :elixir_make, repo: "hexpm", optional: false]}], "hexpm", "238b56c19dfe679a371e604ef33d0371a858a414eeca3a2e09af8bd74178e00c"},
  "complex": {:hex, :complex, "0.5.0", "af2d2331ff6170b61bb738695e481b27a66780e18763e066ee2cd863d0b1dd92", [:mix], [], "hexpm", "2683bd3c184466cfb94fad74cbfddfaa94b860e27ad4ca1bffe3bff169d91ef1"},
  "dll_loader_helper": {:hex, :dll_loader_helper, "0.1.10", "ba85d66f82c1748513dbaee71aa9d0593bb9a65dba246b980753c4d683b0a07b", [:make, :mix], [{:castore, ">= 0.0.0", [hex: :castore, repo: "hexpm", optional: false]}, {:cc_precompiler, "~> 0.1", [hex: :cc_precompiler, repo: "hexpm", optional: false]}], "hexpm", "c0d02a2d8cd0085252f7551a343f89060bb7beb3f303d991e46a7370ed257485"},
  "elixir_make": {:hex, :elixir_make, "0.7.5", "784cc00f5fa24239067cc04d449437dcc5f59353c44eb08f188b2b146568738a", [:mix], [{:castore, "~> 0.1", [hex: :castore, repo: "hexpm", optional: true]}], "hexpm", "c3d63e8d5c92fa3880d89ecd41de59473fa2e83eeb68148155e25e8b95aa2887"},
  "evision": {:hex, :evision, "0.1.28", "7cad6647f97ecb242d0136b85b287a17f5e0d3271c62b12d897b8ad2fc77b7f4", [:make, :mix, :rebar3], [{:castore, "~> 0.1", [hex: :castore, repo: "hexpm", optional: false]}, {:dll_loader_helper, "~> 0.1", [hex: :dll_loader_helper, repo: "hexpm", optional: false]}, {:elixir_make, "~> 0.7", [hex: :elixir_make, repo: "hexpm", optional: false]}, {:kino, "~> 0.7", [hex: :kino, repo: "hexpm", optional: true]}, {:nx, "~> 0.4", [hex: :nx, repo: "hexpm", optional: false]}, {:progress_bar, "~> 2.0", [hex: :progress_bar, repo: "hexpm", optional: true]}], "hexpm", "90c57948e83e4e8b6e34c0c9ecb6b8d4f0d23bb914f284c05c062baf677d2f61"},
  "kino": {:hex, :kino, "0.8.1", "da3b2cba121b7542146cffdb8af055fa0129395fa67aead9e7e3df93aed1f107", [:mix], [{:nx, "~> 0.1", [hex: :nx, repo: "hexpm", optional: true]}, {:table, "~> 0.1.2", [hex: :table, repo: "hexpm", optional: false]}], "hexpm", "da45dd141db30db18973de0e3398bda3ab8cb0b5da58d6a0debbe5b864aba295"},
  "nx": {:hex, :nx, "0.5.1", "118134b8c97c2a8f86c87aa8434994c1cbbe139a306b89cca04e08dd46228067", [:mix], [{:complex, "~> 0.5", [hex: :complex, repo: "hexpm", optional: false]}, {:telemetry, "~> 0.4.0 or ~> 1.0", [hex: :telemetry, repo: "hexpm", optional: false]}], "hexpm", "ceb8fbbe19b3c4252a7188d8b0e059fac9da0f4a4f3bb770fc665fdd0b29f0c5"},
  "table": {:hex, :table, "0.1.2", "87ad1125f5b70c5dea0307aa633194083eb5182ec537efc94e96af08937e14a8", [:mix], [], "hexpm", "7e99bc7efef806315c7e65640724bf165c3061cdc5d854060f74468367065029"},
  "telemetry": {:hex, :telemetry, "1.2.1", "68fdfe8d8f05a8428483a97d7aab2f268aaff24b49e0f599faa091f1d4e7f61c", [:rebar3], [], "hexpm", "dad9ce9d8effc621708f99eac538ef1cbe05d6a874dd741de2e689c47feafed5"},
}
